
Microsoft Visual Studio Solution File, Format Version 12.00
# Visual Studio 2013
VisualStudioVersion = 12.0.30723.0
MinimumVisualStudioVersion = 10.0.40219.1
Project("{FAE04EC0-301F-11D3-BF4B-00C04F79EFBC}") = "Nent", "Nent\Nent.csproj", "{B6C353E3-1D8E-4BC6-B8BB-D2CE5E0799BD}"
EndProject
Project("{2150E333-8FDC-42A3-9474-1A3956D46DE8}") = "lib", "lib", "{75F95589-59F9-4463-A5C5-7A67DC2175E0}"
EndProject
Project("{FAE04EC0-301F-11D3-BF4B-00C04F79EFBC}") = "SlimMathVS2010", "..\lib\SlimMath\SlimMathVS2010.csproj", "{820FE441-822F-4519-994B-04F1DE27FF15}"
EndProject
Global
	GlobalSection(SolutionConfigurationPlatforms) = preSolution
		Debug|Any CPU = Debug|Any CPU
		Release|Any CPU = Release|Any CPU
	EndGlobalSection
	GlobalSection(ProjectConfigurationPlatforms) = postSolution
		{B6C353E3-1D8E-4BC6-B8BB-D2CE5E0799BD}.Debug|Any CPU.ActiveCfg = Debug|Any CPU
		{B6C353E3-1D8E-4BC6-B8BB-D2CE5E0799BD}.Debug|Any CPU.Build.0 = Debug|Any CPU
		{B6C353E3-1D8E-4BC6-B8BB-D2CE5E0799BD}.Release|Any CPU.ActiveCfg = Release|Any CPU
		{B6C353E3-1D8E-4BC6-B8BB-D2CE5E0799BD}.Release|Any CPU.Build.0 = Release|Any CPU
		{820FE441-822F-4519-994B-04F1DE27FF15}.Debug|Any CPU.ActiveCfg = Debug|Any CPU
		{820FE441-822F-4519-994B-04F1DE27FF15}.Debug|Any CPU.Build.0 = Debug|Any CPU
		{820FE441-822F-4519-994B-04F1DE27FF15}.Release|Any CPU.ActiveCfg = Release|Any CPU
		{820FE441-822F-4519-994B-04F1DE27FF15}.Release|Any CPU.Build.0 = Release|Any CPU
	EndGlobalSection
	GlobalSection(SolutionProperties) = preSolution
		HideSolutionNode = FALSE
	EndGlobalSection
	GlobalSection(NestedProjects) = preSolution
		{820FE441-822F-4519-994B-04F1DE27FF15} = {75F95589-59F9-4463-A5C5-7A67DC2175E0}
	EndGlobalSection
EndGlobal
